// !$*UTF8*$!
{
	archiveVersion = 1;
	classes = {
	};
	objectVersion = 46;
	objects = {

/* Begin PBXBuildFile section */
		4C3E1ABB1B3296C300298BE5 /* main.m in Sources */ = {isa = PBXBuildFile; fileRef = 4C3E1ABA1B3296C300298BE5 /* main.m */; };
		4C3E1ABE1B3296C300298BE5 /* AppDelegate.m in Sources */ = {isa = PBXBuildFile; fileRef = 4C3E1ABD1B3296C300298BE5 /* AppDelegate.m */; };
		4C3E1AC11B3296C300298BE5 /* ViewController.m in Sources */ = {isa = PBXBuildFile; fileRef = 4C3E1AC01B3296C300298BE5 /* ViewController.m */; };
		4C3E1AC41B3296C300298BE5 /* Main.storyboard in Resources */ = {isa = PBXBuildFile; fileRef = 4C3E1AC21B3296C300298BE5 /* Main.storyboard */; };
		4C3E1AC61B3296C300298BE5 /* Images.xcassets in Resources */ = {isa = PBXBuildFile; fileRef = 4C3E1AC51B3296C300298BE5 /* Images.xcassets */; };
		4C3E1AC91B3296C300298BE5 /* LaunchScreen.xib in Resources */ = {isa = PBXBuildFile; fileRef = 4C3E1AC71B3296C300298BE5 /* LaunchScreen.xib */; };
		4C3E1AD51B3296C300298BE5 /* CRDrawingBoardTests.m in Sources */ = {isa = PBXBuildFile; fileRef = 4C3E1AD41B3296C300298BE5 /* CRDrawingBoardTests.m */; };
/* End PBXBuildFile section */

/* Begin PBXContainerItemProxy section */
		4C3E1ACF1B3296C300298BE5 /* PBXContainerItemProxy */ = {
			isa = PBXContainerItemProxy;
			containerPortal = 4C3E1AAD1B3296C300298BE5 /* Project object */;
			proxyType = 1;
			remoteGlobalIDString = 4C3E1AB41B3296C300298BE5;
			remoteInfo = CRDrawingBoard;
		};
/* End PBXContainerItemProxy section */

/* Begin PBXFileReference section */
		4C3E1AB51B3296C300298BE5 /* CRDrawingBoard.app */ = {isa = PBXFileReference; explicitFileType = wrapper.application; includeInIndex = 0; path = CRDrawingBoard.app; sourceTree = BUILT_PRODUCTS_DIR; };
		4C3E1AB91B3296C300298BE5 /* Info.plist */ = {isa = PBXFileReference; lastKnownFileType = text.plist.xml; path = Info.plist; sourceTree = "<group>"; };
		4C3E1ABA1B3296C300298BE5 /* main.m */ = {isa = PBXFileReference; lastKnownFileType = sourcecode.c.objc; path = main.m; sourceTree = "<group>"; };
		4C3E1ABC1B3296C300298BE5 /* AppDelegate.h */ = {isa = PBXFileReference; lastKnownFileType = sourcecode.c.h; path = AppDelegate.h; sourceTree = "<group>"; };
		4C3E1ABD1B3296C300298BE5 /* AppDelegate.m */ = {isa = PBXFileReference; lastKnownFileType = sourcecode.c.objc; path = AppDelegate.m; sourceTree = "<group>"; };
		4C3E1ABF1B3296C300298BE5 /* ViewController.h */ = {isa = PBXFileReference; lastKnownFileType = sourcecode.c.h; path = ViewController.h; sourceTree = "<group>"; };
		4C3E1AC01B3296C300298BE5 /* ViewController.m */ = {isa = PBXFileReference; lastKnownFileType = sourcecode.c.objc; path = ViewController.m; sourceTree = "<group>"; };
		4C3E1AC31B3296C300298BE5 /* Base */ = {isa = PBXFileReference; lastKnownFileType = file.storyboard; name = Base; path = Base.lproj/Main.storyboard; sourceTree = "<group>"; };
		4C3E1AC51B3296C300298BE5 /* Images.xcassets */ = {isa = PBXFileReference; lastKnownFileType = folder.assetcatalog; path = Images.xcassets; sourceTree = "<group>"; };
		4C3E1AC81B3296C300298BE5 /* Base */ = {isa = PBXFileReference; lastKnownFileType = file.xib; name = Base; path = Base.lproj/LaunchScreen.xib; sourceTree = "<group>"; };
		4C3E1ACE1B3296C300298BE5 /* CRDrawingBoardTests.xctest */ = {isa = PBXFileReference; explicitFileType = wrapper.cfbundle; includeInIndex = 0; path = CRDrawingBoardTests.xctest; sourceTree = BUILT_PRODUCTS_DIR; };
		4C3E1AD31B3296C300298BE5 /* Info.plist */ = {isa = PBXFileReference; lastKnownFileType = text.plist.xml; path = Info.plist; sourceTree = "<group>"; };
		4C3E1AD41B3296C300298BE5 /* CRDrawingBoardTests.m */ = {isa = PBXFileReference; lastKnownFileType = sourcecode.c.objc; path = CRDrawingBoardTests.m; sourceTree = "<group>"; };
/* End PBXFileReference section */

/* Begin PBXFrameworksBuildPhase section */
		4C3E1AB21B3296C300298BE5 /* Frameworks */ = {
			isa = PBXFrameworksBuildPhase;
			buildActionMask = 2147483647;
			files = (
			);
			runOnlyForDeploymentPostprocessing = 0;
		};
		4C3E1ACB1B3296C300298BE5 /* Frameworks */ = {
			isa = PBXFrameworksBuildPhase;
			buildActionMask = 2147483647;
			files = (
			);
			runOnlyForDeploymentPostprocessing = 0;
		};
/* End PBXFrameworksBuildPhase section */

/* Begin PBXGroup section */
		4C3E1AAC1B3296C300298BE5 = {
			isa = PBXGroup;
			children = (
				4C3E1AB71B3296C300298BE5 /* CRDrawingBoard */,
				4C3E1AD11B3296C300298BE5 /* CRDrawingBoardTests */,
				4C3E1AB61B3296C300298BE5 /* Products */,
			);
			sourceTree = "<group>";
		};
		4C3E1AB61B3296C300298BE5 /* Products */ = {
			isa = PBXGroup;
			children = (
				4C3E1AB51B3296C300298BE5 /* CRDrawingBoard.app */,
				4C3E1ACE1B3296C300298BE5 /* CRDrawingBoardTests.xctest */,
			);
			name = Products;
			sourceTree = "<group>";
		};
		4C3E1AB71B3296C300298BE5 /* CRDrawingBoard */ = {
			isa = PBXGroup;
			children = (
				4C3E1ABC1B3296C300298BE5 /* AppDelegate.h */,
				4C3E1ABD1B3296C300298BE5 /* AppDelegate.m */,
				4C3E1ABF1B3296C300298BE5 /* ViewController.h */,
				4C3E1AC01B3296C300298BE5 /* ViewController.m */,
				4C3E1AC21B3296C300298BE5 /* Main.storyboard */,
				4C3E1AC51B3296C300298BE5 /* Images.xcassets */,
				4C3E1AC71B3296C300298BE5 /* LaunchScreen.xib */,
				4C3E1AB81B3296C300298BE5 /* Supporting Files */,
			);
			path = CRDrawingBoard;
			sourceTree = "<group>";
		};
		4C3E1AB81B3296C300298BE5 /* Supporting Files */ = {
			isa = PBXGroup;
			children = (
				4C3E1AB91B3296C300298BE5 /* Info.plist */,
				4C3E1ABA1B3296C300298BE5 /* main.m */,
			);
			name = "Supporting Files";
			sourceTree = "<group>";
		};
		4C3E1AD11B3296C300298BE5 /* CRDrawingBoardTests */ = {
			isa = PBXGroup;
			children = (
				4C3E1AD41B3296C300298BE5 /* CRDrawingBoardTests.m */,
				4C3E1AD21B3296C300298BE5 /* Supporting Files */,
			);
			path = CRDrawingBoardTests;
			sourceTree = "<group>";
		};
		4C3E1AD21B3296C300298BE5 /* Supporting Files */ = {
			isa = PBXGroup;
			children = (
				4C3E1AD31B3296C300298BE5 /* Info.plist */,
			);
			name = "Supporting Files";
			sourceTree = "<group>";
		};
/* End PBXGroup section */

/* Begin PBXNativeTarget section */
		4C3E1AB41B3296C300298BE5 /* CRDrawingBoard */ = {
			isa = PBXNativeTarget;
			buildConfigurationList = 4C3E1AD81B3296C300298BE5 /* Build configuration list for PBXNativeTarget "CRDrawingBoard" */;
			buildPhases = (
				4C3E1AB11B3296C300298BE5 /* Sources */,
				4C3E1AB21B3296C300298BE5 /* Frameworks */,
				4C3E1AB31B3296C300298BE5 /* Resources */,
			);
			buildRules = (
			);
			dependencies = (
			);
			name = CRDrawingBoard;
			productName = CRDrawingBoard;
			productReference = 4C3E1AB51B3296C300298BE5 /* CRDrawingBoard.app */;
			productType = "com.apple.product-type.application";
		};
		4C3E1ACD1B3296C300298BE5 /* CRDrawingBoardTests */ = {
			isa = PBXNativeTarget;
			buildConfigurationList = 4C3E1ADB1B3296C300298BE5 /* Build configuration list for PBXNativeTarget "CRDrawingBoardTests" */;
			buildPhases = (
				4C3E1ACA1B3296C300298BE5 /* Sources */,
				4C3E1ACB1B3296C300298BE5 /* Frameworks */,
				4C3E1ACC1B3296C300298BE5 /* Resources */,
			);
			buildRules = (
			);
			dependencies = (
				4C3E1AD01B3296C300298BE5 /* PBXTargetDependency */,
			);
			name = CRDrawingBoardTests;
			productName = CRDrawingBoardTests;
			productReference = 4C3E1ACE1B3296C300298BE5 /* CRDrawingBoardTests.xctest */;
			productType = "com.apple.product-type.bundle.unit-test";
		};
/* End PBXNativeTarget section */

/* Begin PBXProject section */
		4C3E1AAD1B3296C300298BE5 /* Project object */ = {
			isa = PBXProject;
			attributes = {
				LastUpgradeCheck = 0630;
				ORGANIZATIONNAME = TONLYELE;
				TargetAttributes = {
					4C3E1AB41B3296C300298BE5 = {
						CreatedOnToolsVersion = 6.3.2;
					};
					4C3E1ACD1B3296C300298BE5 = {
						CreatedOnToolsVersion = 6.3.2;
						TestTargetID = 4C3E1AB41B3296C300298BE5;
					};
				};
			};
			buildConfigurationList = 4C3E1AB01B3296C300298BE5 /* Build configuration list for PBXProject "CRDrawingBoard" */;
			compatibilityVersion = "Xcode 3.2";
			developmentRegion = English;
			hasScannedForEncodings = 0;
			knownRegions = (
				en,
				Base,
			);
			mainGroup = 4C3E1AAC1B3296C300298BE5;
			productRefGroup = 4C3E1AB61B3296C300298BE5 /* Products */;
			projectDirPath = "";
			projectRoot = "";
			targets = (
				4C3E1AB41B3296C300298BE5 /* CRDrawingBoard */,
				4C3E1ACD1B3296C300298BE5 /* CRDrawingBoardTests */,
			);
		};
/* End PBXProject section */

/* Begin PBXResourcesBuildPhase section */
		4C3E1AB31B3296C300298BE5 /* Resources */ = {
			isa = PBXResourcesBuildPhase;
			buildActionMask = 2147483647;
			files = (
				4C3E1AC41B3296C300298BE5 /* Main.storyboard in Resources */,
				4C3E1AC91B3296C300298BE5 /* LaunchScreen.xib in Resources */,
				4C3E1AC61B3296C300298BE5 /* Images.xcassets in Resources */,
			);
			runOnlyForDeploymentPostprocessing = 0;
		};
		4C3E1ACC1B3296C300298BE5 /* Resources */ = {
			isa = PBXResourcesBuildPhase;
			buildActionMask = 2147483647;
			files = (
			);
			runOnlyForDeploymentPostprocessing = 0;
		};
/* End PBXResourcesBuildPhase section */

/* Begin PBXSourcesBuildPhase section */
		4C3E1AB11B3296C300298BE5 /* Sources */ = {
			isa = PBXSourcesBuildPhase;
			buildActionMask = 2147483647;
			files = (
				4C3E1AC11B3296C300298BE5 /* ViewController.m in Sources */,
				4C3E1ABE1B3296C300298BE5 /* AppDelegate.m in Sources */,
				4C3E1ABB1B3296C300298BE5 /* main.m in Sources */,
			);
			runOnlyForDeploymentPostprocessing = 0;
		};
		4C3E1ACA1B3296C300298BE5 /* Sources */ = {
			isa = PBXSourcesBuildPhase;
			buildActionMask = 2147483647;
			files = (
				4C3E1AD51B3296C300298BE5 /* CRDrawingBoardTests.m in Sources */,
			);
			runOnlyForDeploymentPostprocessing = 0;
		};
/* End PBXSourcesBuildPhase section */

/* Begin PBXTargetDependency section */
		4C3E1AD01B3296C300298BE5 /* PBXTargetDependency */ = {
			isa = PBXTargetDependency;
			target = 4C3E1AB41B3296C300298BE5 /* CRDrawingBoard */;
			targetProxy = 4C3E1ACF1B3296C300298BE5 /* PBXContainerItemProxy */;
		};
/* End PBXTargetDependency section */

/* Begin PBXVariantGroup section */
		4C3E1AC21B3296C300298BE5 /* Main.storyboard */ = {
			isa = PBXVariantGroup;
			children = (
				4C3E1AC31B3296C300298BE5 /* Base */,
			);
			name = Main.storyboard;
			sourceTree = "<group>";
		};
		4C3E1AC71B3296C300298BE5 /* LaunchScreen.xib */ = {
			isa = PBXVariantGroup;
			children = (
				4C3E1AC81B3296C300298BE5 /* Base */,
			);
			name = LaunchScreen.xib;
			sourceTree = "<group>";
		};
/* End PBXVariantGroup section */

/* Begin XCBuildConfiguration section */
		4C3E1AD61B3296C300298BE5 /* Debug */ = {
			isa = XCBuildConfiguration;
			buildSettings = {
				ALWAYS_SEARCH_USER_PATHS = NO;
				CLANG_CXX_LANGUAGE_STANDARD = "gnu++0x";
				CLANG_CXX_LIBRARY = "libc++";
				CLANG_ENABLE_MODULES = YES;
				CLANG_ENABLE_OBJC_ARC = YES;
				CLANG_WARN_BOOL_CONVERSION = YES;
				CLANG_WARN_CONSTANT_CONVERSION = YES;
				CLANG_WARN_DIRECT_OBJC_ISA_USAGE = YES_ERROR;
				CLANG_WARN_EMPTY_BODY = YES;
				CLANG_WARN_ENUM_CONVERSION = YES;
				CLANG_WARN_INT_CONVERSION = YES;
				CLANG_WARN_OBJC_ROOT_CLASS = YES_ERROR;
				CLANG_WARN_UNREACHABLE_CODE = YES;
				CLANG_WARN__DUPLICATE_METHOD_MATCH = YES;
				"CODE_SIGN_IDENTITY[sdk=iphoneos*]" = "iPhone Developer";
				COPY_PHASE_STRIP = NO;
				DEBUG_INFORMATION_FORMAT = "dwarf-with-dsym";
				ENABLE_STRICT_OBJC_MSGSEND = YES;
				GCC_C_LANGUAGE_STANDARD = gnu99;
				GCC_DYNAMIC_NO_PIC = NO;
				GCC_NO_COMMON_BLOCKS = YES;
				GCC_OPTIMIZATION_LEVEL = 0;
				GCC_PREPROCESSOR_DEFINITIONS = (
					"DEBUG=1",
					"$(inherited)",
				);
				GCC_SYMBOLS_PRIVATE_EXTERN = NO;
				GCC_WARN_64_TO_32_BIT_CONVERSION = YES;
				GCC_WARN_ABOUT_RETURN_TYPE = YES_ERROR;
				GCC_WARN_UNDECLARED_SELECTOR = YES;
				GCC_WARN_UNINITIALIZED_AUTOS = YES_AGGRESSIVE;
				GCC_WARN_UNUSED_FUNCTION = YES;
				GCC_WARN_UNUSED_VARIABLE = YES;
				IPHONEOS_DEPLOYMENT_TARGET = 8.3;
				MTL_ENABLE_DEBUG_INFO = YES;
				ONLY_ACTIVE_ARCH = YES;
				SDKROOT = iphoneos;
			};
			name = Debug;
		};
		4C3E1AD71B3296C300298BE5 /* Release */ = {
			isa = XCBuildConfiguration;
			buildSettings = {
				ALWAYS_SEARCH_USER_PATHS = NO;
				CLANG_CXX_LANGUAGE_STANDARD = "gnu++0x";
				CLANG_CXX_LIBRARY = "libc++";
				CLANG_ENABLE_MODULES = YES;
				CLANG_ENABLE_OBJC_ARC = YES;
				CLANG_WARN_BOOL_CONVERSION = YES;
				CLANG_WARN_CONSTANT_CONVERSION = YES;
				CLANG_WARN_DIRECT_OBJC_ISA_USAGE = YES_ERROR;
				CLANG_WARN_EMPTY_BODY = YES;
				CLANG_WARN_ENUM_CONVERSION = YES;
				CLANG_WARN_INT_CONVERSION = YES;
				CLANG_WARN_OBJC_ROOT_CLASS = YES_ERROR;
				CLANG_WARN_UNREACHABLE_CODE = YES;
				CLANG_WARN__DUPLICATE_METHOD_MATCH = YES;
				"CODE_SIGN_IDENTITY[sdk=iphoneos*]" = "iPhone Developer";
				COPY_PHASE_STRIP = NO;
				DEBUG_INFORMATION_FORMAT = "dwarf-with-dsym";
				ENABLE_NS_ASSERTIONS = NO;
				ENABLE_STRICT_OBJC_MSGSEND = YES;
				GCC_C_LANGUAGE_STANDARD = gnu99;
				GCC_NO_COMMON_BLOCKS = YES;
				GCC_WARN_64_TO_32_BIT_CONVERSION = YES;
				GCC_WARN_ABOUT_RETURN_TYPE = YES_ERROR;
				GCC_WARN_UNDECLARED_SELECTOR = YES;
				GCC_WARN_UNINITIALIZED_AUTOS = YES_AGGRESSIVE;
				GCC_WARN_UNUSED_FUNCTION = YES;
				GCC_WARN_UNUSED_VARIABLE = YES;
				IPHONEOS_DEPLOYMENT_TARGET = 8.3;
				MTL_ENABLE_DEBUG_INFO = NO;
				SDKROOT = iphoneos;
				VALIDATE_PRODUCT = YES;
			};
			name = Release;
		};
		4C3E1AD91B3296C300298BE5 /* Debug */ = {
			isa = XCBuildConfiguration;
			buildSettings = {
				ASSETCATALOG_COMPILER_APPICON_NAME = AppIcon;
				INFOPLIST_FILE = CRDrawingBoard/Info.plist;
				LD_RUNPATH_SEARCH_PATHS = "$(inherited) @executable_path/Frameworks";
				PRODUCT_NAME = "$(TARGET_NAME)";
			};
			name = Debug;
		};
		4C3E1ADA1B3296C300298BE5 /* Release */ = {
			isa = XCBuildConfiguration;
			buildSettings = {
				ASSETCATALOG_COMPILER_APPICON_NAME = AppIcon;
				INFOPLIST_FILE = CRDrawingBoard/Info.plist;
				LD_RUNPATH_SEARCH_PATHS = "$(inherited) @executable_path/Frameworks";
				PRODUCT_NAME = "$(TARGET_NAME)";
			};
			name = Release;
		};
		4C3E1ADC1B3296C300298BE5 /* Debug */ = {
			isa = XCBuildConfiguration;
			buildSettings = {
				BUNDLE_LOADER = "$(TEST_HOST)";
				FRAMEWORK_SEARCH_PATHS = (
					"$(SDKROOT)/Developer/Library/Frameworks",
					"$(inherited)",
				);
				GCC_PREPROCESSOR_DEFINITIONS = (
					"DEBUG=1",
					"$(inherited)",
				);
				INFOPLIST_FILE = CRDrawingBoardTests/Info.plist;
				LD_RUNPATH_SEARCH_PATHS = "$(inherited) @executable_path/Frameworks @loader_path/Frameworks";
				PRODUCT_NAME = "$(TARGET_NAME)";
				TEST_HOST = "$(BUILT_PRODUCTS_DIR)/CRDrawingBoard.app/CRDrawingBoard";
			};
			name = Debug;
		};
		4C3E1ADD1B3296C300298BE5 /* Release */ = {
			isa = XCBuildConfiguration;
			buildSettings = {
				BUNDLE_LOADER = "$(TEST_HOST)";
				FRAMEWORK_SEARCH_PATHS = (
					"$(SDKROOT)/Developer/Library/Frameworks",
					"$(inherited)",
				);
				INFOPLIST_FILE = CRDrawingBoardTests/Info.plist;
				LD_RUNPATH_SEARCH_PATHS = "$(inherited) @executable_path/Frameworks @loader_path/Frameworks";
				PRODUCT_NAME = "$(TARGET_NAME)";
				TEST_HOST = "$(BUILT_PRODUCTS_DIR)/CRDrawingBoard.app/CRDrawingBoard";
			};
			name = Release;
		};
/* End XCBuildConfiguration section */

/* Begin XCConfigurationList section */
		4C3E1AB01B3296C300298BE5 /* Build configuration list for PBXProject "CRDrawingBoard" */ = {
			isa = XCConfigurationList;
			buildConfigurations = (
				4C3E1AD61B3296C300298BE5 /* Debug */,
				4C3E1AD71B3296C300298BE5 /* Release */,
			);
			defaultConfigurationIsVisible = 0;
			defaultConfigurationName = Release;
		};
		4C3E1AD81B3296C300298BE5 /* Build configuration list for PBXNativeTarget "CRDrawingBoard" */ = {
			isa = XCConfigurationList;
			buildConfigurations = (
				4C3E1AD91B3296C300298BE5 /* Debug */,
				4C3E1ADA1B3296C300298BE5 /* Release */,
			);
			defaultConfigurationIsVisible = 0;
		};
		4C3E1ADB1B3296C300298BE5 /* Build configuration list for PBXNativeTarget "CRDrawingBoardTests" */ = {
			isa = XCConfigurationList;
			buildConfigurations = (
				4C3E1ADC1B3296C300298BE5 /* Debug */,
				4C3E1ADD1B3296C300298BE5 /* Release */,
			);
			defaultConfigurationIsVisible = 0;
		};
/* End XCConfigurationList section */
	};
	rootObject = 4C3E1AAD1B3296C300298BE5 /* Project object */;
}
